
Microsoft Visual Studio Solution File, Format Version 12.00
# Visual Studio Version 16
VisualStudioVersion = 16.0.29709.97
MinimumVisualStudioVersion = 10.0.40219.1
Project("{9A19103F-16F7-4668-BE54-9A1E7A4F7556}") = "Basics", "Basics\Basics.csproj", "{7BBEA08C-54B1-438F-BF2C-522F2B8C7641}"
EndProject
Project("{FAE04EC0-301F-11D3-BF4B-00C04F79EFBC}") = "IdentityExample", "IdentityExample\IdentityExample.csproj", "{166187A5-DCCC-417C-8E17-0E57DB8B7C30}"
EndProject
Global
	GlobalSection(SolutionConfigurationPlatforms) = preSolution
		Debug|Any CPU = Debug|Any CPU
		Release|Any CPU = Release|Any CPU
	EndGlobalSection
	GlobalSection(ProjectConfigurationPlatforms) = postSolution
		{7BBEA08C-54B1-438F-BF2C-522F2B8C7641}.Debug|Any CPU.ActiveCfg = Debug|Any CPU
		{7BBEA08C-54B1-438F-BF2C-522F2B8C7641}.Debug|Any CPU.Build.0 = Debug|Any CPU
		{7BBEA08C-54B1-438F-BF2C-522F2B8C7641}.Release|Any CPU.ActiveCfg = Release|Any CPU
		{7BBEA08C-54B1-438F-BF2C-522F2B8C7641}.Release|Any CPU.Build.0 = Release|Any CPU
		{166187A5-DCCC-417C-8E17-0E57DB8B7C30}.Debug|Any CPU.ActiveCfg = Debug|Any CPU
		{166187A5-DCCC-417C-8E17-0E57DB8B7C30}.Debug|Any CPU.Build.0 = Debug|Any CPU
		{166187A5-DCCC-417C-8E17-0E57DB8B7C30}.Release|Any CPU.ActiveCfg = Release|Any CPU
		{166187A5-DCCC-417C-8E17-0E57DB8B7C30}.Release|Any CPU.Build.0 = Release|Any CPU
	EndGlobalSection
	GlobalSection(SolutionProperties) = preSolution
		HideSolutionNode = FALSE
	EndGlobalSection
	GlobalSection(ExtensibilityGlobals) = postSolution
		SolutionGuid = {218DDFEC-FF89-4122-BE8F-3277ACFCB45B}
	EndGlobalSection
EndGlobal
